
Microsoft Visual Studio Solution File, Format Version 12.00
# Visual Studio 15
Project("{FAE04EC0-301F-11D3-BF4B-00C04F79EFBC}") = "Assembly-CSharp", "Assembly-CSharp.csproj", "{795B35F1-011D-5764-76CF-5738ED2C3769}"
EndProject
Project("{FAE04EC0-301F-11D3-BF4B-00C04F79EFBC}") = "Assembly-CSharp-firstpass", "Assembly-CSharp-firstpass.csproj", "{36A3C37B-9CD5-3AB9-8FEB-C33F57D1CE91}"
EndProject
Project("{FAE04EC0-301F-11D3-BF4B-00C04F79EFBC}") = "Assembly-CSharp-Editor-firstpass", "Assembly-CSharp-Editor-firstpass.csproj", "{E0CB4CDB-9E8C-9434-E8AD-7BFBB8B568F4}"
EndProject
Global
	GlobalSection(SolutionConfigurationPlatforms) = preSolution
		Debug|Any CPU = Debug|Any CPU
		Release|Any CPU = Release|Any CPU
	EndGlobalSection
	GlobalSection(ProjectConfigurationPlatforms) = postSolution
		{795B35F1-011D-5764-76CF-5738ED2C3769}.Debug|Any CPU.ActiveCfg = Debug|Any CPU
		{795B35F1-011D-5764-76CF-5738ED2C3769}.Debug|Any CPU.Build.0 = Debug|Any CPU
		{795B35F1-011D-5764-76CF-5738ED2C3769}.Release|Any CPU.ActiveCfg = Release|Any CPU
		{795B35F1-011D-5764-76CF-5738ED2C3769}.Release|Any CPU.Build.0 = Release|Any CPU
		{36A3C37B-9CD5-3AB9-8FEB-C33F57D1CE91}.Debug|Any CPU.ActiveCfg = Debug|Any CPU
		{36A3C37B-9CD5-3AB9-8FEB-C33F57D1CE91}.Debug|Any CPU.Build.0 = Debug|Any CPU
		{36A3C37B-9CD5-3AB9-8FEB-C33F57D1CE91}.Release|Any CPU.ActiveCfg = Release|Any CPU
		{36A3C37B-9CD5-3AB9-8FEB-C33F57D1CE91}.Release|Any CPU.Build.0 = Release|Any CPU
		{E0CB4CDB-9E8C-9434-E8AD-7BFBB8B568F4}.Debug|Any CPU.ActiveCfg = Debug|Any CPU
		{E0CB4CDB-9E8C-9434-E8AD-7BFBB8B568F4}.Debug|Any CPU.Build.0 = Debug|Any CPU
		{E0CB4CDB-9E8C-9434-E8AD-7BFBB8B568F4}.Release|Any CPU.ActiveCfg = Release|Any CPU
		{E0CB4CDB-9E8C-9434-E8AD-7BFBB8B568F4}.Release|Any CPU.Build.0 = Release|Any CPU
	EndGlobalSection
	GlobalSection(SolutionProperties) = preSolution
		HideSolutionNode = FALSE
	EndGlobalSection
EndGlobal
